// !$*UTF8*$!
{
	archiveVersion = 1;
	classes = {
	};
	objectVersion = 46;
	objects = {

/* Begin PBXBuildFile section */
		04E14B982D25E654B4334155 /* Pods_TraktClientTests.framework in Frameworks */ = {isa = PBXBuildFile; fileRef = 2491F17E5FA57A3DE5195F6E /* Pods_TraktClientTests.framework */; };
		6308760C1E9B6C870006220F /* StandardMediaObjectIds.swift in Sources */ = {isa = PBXBuildFile; fileRef = 6308760B1E9B6C870006220F /* StandardMediaObjectIds.swift */; };
		6308760E1E9B75CE0006220F /* StandardMediaObjectType.swift in Sources */ = {isa = PBXBuildFile; fileRef = 6308760D1E9B75CE0006220F /* StandardMediaObjectType.swift */; };
		6308761B1E9FE2C20006220F /* ExtendedInfo.swift in Sources */ = {isa = PBXBuildFile; fileRef = 6308761A1E9FE2C20006220F /* ExtendedInfo.swift */; };
		6308761F1EA4FAB20006220F /* TraktRouter.swift in Sources */ = {isa = PBXBuildFile; fileRef = 6308761E1EA4FAB20006220F /* TraktRouter.swift */; };
		630876211EA4FBF40006220F /* Pagination.swift in Sources */ = {isa = PBXBuildFile; fileRef = 630876201EA4FBF40006220F /* Pagination.swift */; };
		635223581E9689810003B3C0 /* AppDelegate.swift in Sources */ = {isa = PBXBuildFile; fileRef = 635223571E9689810003B3C0 /* AppDelegate.swift */; };
		6352235A1E9689810003B3C0 /* ViewController.swift in Sources */ = {isa = PBXBuildFile; fileRef = 635223591E9689810003B3C0 /* ViewController.swift */; };
		6352235D1E9689810003B3C0 /* Main.storyboard in Resources */ = {isa = PBXBuildFile; fileRef = 6352235B1E9689810003B3C0 /* Main.storyboard */; };
		6352235F1E9689810003B3C0 /* Assets.xcassets in Resources */ = {isa = PBXBuildFile; fileRef = 6352235E1E9689810003B3C0 /* Assets.xcassets */; };
		635223621E9689810003B3C0 /* LaunchScreen.storyboard in Resources */ = {isa = PBXBuildFile; fileRef = 635223601E9689810003B3C0 /* LaunchScreen.storyboard */; };
		6352236D1E9689810003B3C0 /* TraktClientTests.swift in Sources */ = {isa = PBXBuildFile; fileRef = 6352236C1E9689810003B3C0 /* TraktClientTests.swift */; };
		635223781E9689810003B3C0 /* TraktClientUITests.swift in Sources */ = {isa = PBXBuildFile; fileRef = 635223771E9689810003B3C0 /* TraktClientUITests.swift */; };
		635223891E96DF6E0003B3C0 /* ResponseSerialization.swift in Sources */ = {isa = PBXBuildFile; fileRef = 635223881E96DF6E0003B3C0 /* ResponseSerialization.swift */; };
		6352238B1E96E0510003B3C0 /* BackendError.swift in Sources */ = {isa = PBXBuildFile; fileRef = 6352238A1E96E0510003B3C0 /* BackendError.swift */; };
		6352238D1E96E2590003B3C0 /* StandardMediaObject.swift in Sources */ = {isa = PBXBuildFile; fileRef = 6352238C1E96E2590003B3C0 /* StandardMediaObject.swift */; };
		BA61198B99924423DE00BE31 /* Pods_TraktClientUITests.framework in Frameworks */ = {isa = PBXBuildFile; fileRef = BE7838A36E197A94BD06FBAE /* Pods_TraktClientUITests.framework */; };
		F3BACF4FAC356D67E1E7EA13 /* Pods_TraktClient.framework in Frameworks */ = {isa = PBXBuildFile; fileRef = E948FDF43204ECCFA5FFC54D /* Pods_TraktClient.framework */; };
/* End PBXBuildFile section */

/* Begin PBXContainerItemProxy section */
		635223691E9689810003B3C0 /* PBXContainerItemProxy */ = {
			isa = PBXContainerItemProxy;
			containerPortal = 6352234C1E9689800003B3C0 /* Project object */;
			proxyType = 1;
			remoteGlobalIDString = 635223531E9689810003B3C0;
			remoteInfo = TraktClient;
		};
		635223741E9689810003B3C0 /* PBXContainerItemProxy */ = {
			isa = PBXContainerItemProxy;
			containerPortal = 6352234C1E9689800003B3C0 /* Project object */;
			proxyType = 1;
			remoteGlobalIDString = 635223531E9689810003B3C0;
			remoteInfo = TraktClient;
		};
/* End PBXContainerItemProxy section */

/* Begin PBXFileReference section */
		198856500820F4914FF1CF1D /* Pods-TraktClientUITests.debug.xcconfig */ = {isa = PBXFileReference; includeInIndex = 1; lastKnownFileType = text.xcconfig; name = "Pods-TraktClientUITests.debug.xcconfig"; path = "Pods/Target Support Files/Pods-TraktClientUITests/Pods-TraktClientUITests.debug.xcconfig"; sourceTree = "<group>"; };
		2491F17E5FA57A3DE5195F6E /* Pods_TraktClientTests.framework */ = {isa = PBXFileReference; explicitFileType = wrapper.framework; includeInIndex = 0; path = Pods_TraktClientTests.framework; sourceTree = BUILT_PRODUCTS_DIR; };
		30E90589ACE66E26D97DC0F7 /* Pods-TraktClientTests.release.xcconfig */ = {isa = PBXFileReference; includeInIndex = 1; lastKnownFileType = text.xcconfig; name = "Pods-TraktClientTests.release.xcconfig"; path = "Pods/Target Support Files/Pods-TraktClientTests/Pods-TraktClientTests.release.xcconfig"; sourceTree = "<group>"; };
		4691DCE66EFCE6C94B4C9566 /* Pods-TraktClientUITests.release.xcconfig */ = {isa = PBXFileReference; includeInIndex = 1; lastKnownFileType = text.xcconfig; name = "Pods-TraktClientUITests.release.xcconfig"; path = "Pods/Target Support Files/Pods-TraktClientUITests/Pods-TraktClientUITests.release.xcconfig"; sourceTree = "<group>"; };
		6308760B1E9B6C870006220F /* StandardMediaObjectIds.swift */ = {isa = PBXFileReference; fileEncoding = 4; lastKnownFileType = sourcecode.swift; path = StandardMediaObjectIds.swift; sourceTree = "<group>"; };
		6308760D1E9B75CE0006220F /* StandardMediaObjectType.swift */ = {isa = PBXFileReference; fileEncoding = 4; lastKnownFileType = sourcecode.swift; path = StandardMediaObjectType.swift; sourceTree = "<group>"; };
		6308761A1E9FE2C20006220F /* ExtendedInfo.swift */ = {isa = PBXFileReference; fileEncoding = 4; lastKnownFileType = sourcecode.swift; path = ExtendedInfo.swift; sourceTree = "<group>"; };
		6308761E1EA4FAB20006220F /* TraktRouter.swift */ = {isa = PBXFileReference; fileEncoding = 4; lastKnownFileType = sourcecode.swift; path = TraktRouter.swift; sourceTree = "<group>"; };
		630876201EA4FBF40006220F /* Pagination.swift */ = {isa = PBXFileReference; fileEncoding = 4; lastKnownFileType = sourcecode.swift; path = Pagination.swift; sourceTree = "<group>"; };
		635223541E9689810003B3C0 /* TraktClient.app */ = {isa = PBXFileReference; explicitFileType = wrapper.application; includeInIndex = 0; path = TraktClient.app; sourceTree = BUILT_PRODUCTS_DIR; };
		635223571E9689810003B3C0 /* AppDelegate.swift */ = {isa = PBXFileReference; lastKnownFileType = sourcecode.swift; path = AppDelegate.swift; sourceTree = "<group>"; };
		635223591E9689810003B3C0 /* ViewController.swift */ = {isa = PBXFileReference; lastKnownFileType = sourcecode.swift; path = ViewController.swift; sourceTree = "<group>"; };
		6352235C1E9689810003B3C0 /* Base */ = {isa = PBXFileReference; lastKnownFileType = file.storyboard; name = Base; path = Base.lproj/Main.storyboard; sourceTree = "<group>"; };
		6352235E1E9689810003B3C0 /* Assets.xcassets */ = {isa = PBXFileReference; lastKnownFileType = folder.assetcatalog; path = Assets.xcassets; sourceTree = "<group>"; };
		635223611E9689810003B3C0 /* Base */ = {isa = PBXFileReference; lastKnownFileType = file.storyboard; name = Base; path = Base.lproj/LaunchScreen.storyboard; sourceTree = "<group>"; };
		635223631E9689810003B3C0 /* Info.plist */ = {isa = PBXFileReference; lastKnownFileType = text.plist.xml; path = Info.plist; sourceTree = "<group>"; };
		635223681E9689810003B3C0 /* TraktClientTests.xctest */ = {isa = PBXFileReference; explicitFileType = wrapper.cfbundle; includeInIndex = 0; path = TraktClientTests.xctest; sourceTree = BUILT_PRODUCTS_DIR; };
		6352236C1E9689810003B3C0 /* TraktClientTests.swift */ = {isa = PBXFileReference; lastKnownFileType = sourcecode.swift; path = TraktClientTests.swift; sourceTree = "<group>"; };
		6352236E1E9689810003B3C0 /* Info.plist */ = {isa = PBXFileReference; lastKnownFileType = text.plist.xml; path = Info.plist; sourceTree = "<group>"; };
		635223731E9689810003B3C0 /* TraktClientUITests.xctest */ = {isa = PBXFileReference; explicitFileType = wrapper.cfbundle; includeInIndex = 0; path = TraktClientUITests.xctest; sourceTree = BUILT_PRODUCTS_DIR; };
		635223771E9689810003B3C0 /* TraktClientUITests.swift */ = {isa = PBXFileReference; lastKnownFileType = sourcecode.swift; path = TraktClientUITests.swift; sourceTree = "<group>"; };
		635223791E9689810003B3C0 /* Info.plist */ = {isa = PBXFileReference; lastKnownFileType = text.plist.xml; path = Info.plist; sourceTree = "<group>"; };
		635223881E96DF6E0003B3C0 /* ResponseSerialization.swift */ = {isa = PBXFileReference; fileEncoding = 4; lastKnownFileType = sourcecode.swift; path = ResponseSerialization.swift; sourceTree = "<group>"; };
		6352238A1E96E0510003B3C0 /* BackendError.swift */ = {isa = PBXFileReference; fileEncoding = 4; lastKnownFileType = sourcecode.swift; path = BackendError.swift; sourceTree = "<group>"; };
		6352238C1E96E2590003B3C0 /* StandardMediaObject.swift */ = {isa = PBXFileReference; fileEncoding = 4; lastKnownFileType = sourcecode.swift; path = StandardMediaObject.swift; sourceTree = "<group>"; };
		8474D22324650C650E3D1780 /* Pods-TraktClient.debug.xcconfig */ = {isa = PBXFileReference; includeInIndex = 1; lastKnownFileType = text.xcconfig; name = "Pods-TraktClient.debug.xcconfig"; path = "Pods/Target Support Files/Pods-TraktClient/Pods-TraktClient.debug.xcconfig"; sourceTree = "<group>"; };
		A9488E52D6C68A41016F28B7 /* Pods-TraktClient.release.xcconfig */ = {isa = PBXFileReference; includeInIndex = 1; lastKnownFileType = text.xcconfig; name = "Pods-TraktClient.release.xcconfig"; path = "Pods/Target Support Files/Pods-TraktClient/Pods-TraktClient.release.xcconfig"; sourceTree = "<group>"; };
		BE7838A36E197A94BD06FBAE /* Pods_TraktClientUITests.framework */ = {isa = PBXFileReference; explicitFileType = wrapper.framework; includeInIndex = 0; path = Pods_TraktClientUITests.framework; sourceTree = BUILT_PRODUCTS_DIR; };
		DEB10D84005243EE91AB5941 /* Pods-TraktClientTests.debug.xcconfig */ = {isa = PBXFileReference; includeInIndex = 1; lastKnownFileType = text.xcconfig; name = "Pods-TraktClientTests.debug.xcconfig"; path = "Pods/Target Support Files/Pods-TraktClientTests/Pods-TraktClientTests.debug.xcconfig"; sourceTree = "<group>"; };
		E948FDF43204ECCFA5FFC54D /* Pods_TraktClient.framework */ = {isa = PBXFileReference; explicitFileType = wrapper.framework; includeInIndex = 0; path = Pods_TraktClient.framework; sourceTree = BUILT_PRODUCTS_DIR; };
/* End PBXFileReference section */

/* Begin PBXFrameworksBuildPhase section */
		635223511E9689810003B3C0 /* Frameworks */ = {
			isa = PBXFrameworksBuildPhase;
			buildActionMask = 2147483647;
			files = (
				F3BACF4FAC356D67E1E7EA13 /* Pods_TraktClient.framework in Frameworks */,
			);
			runOnlyForDeploymentPostprocessing = 0;
		};
		635223651E9689810003B3C0 /* Frameworks */ = {
			isa = PBXFrameworksBuildPhase;
			buildActionMask = 2147483647;
			files = (
				04E14B982D25E654B4334155 /* Pods_TraktClientTests.framework in Frameworks */,
			);
			runOnlyForDeploymentPostprocessing = 0;
		};
		635223701E9689810003B3C0 /* Frameworks */ = {
			isa = PBXFrameworksBuildPhase;
			buildActionMask = 2147483647;
			files = (
				BA61198B99924423DE00BE31 /* Pods_TraktClientUITests.framework in Frameworks */,
			);
			runOnlyForDeploymentPostprocessing = 0;
		};
/* End PBXFrameworksBuildPhase section */

/* Begin PBXGroup section */
		6352234B1E9689800003B3C0 = {
			isa = PBXGroup;
			children = (
				635223561E9689810003B3C0 /* TraktClient */,
				6352236B1E9689810003B3C0 /* TraktClientTests */,
				635223761E9689810003B3C0 /* TraktClientUITests */,
				635223551E9689810003B3C0 /* Products */,
				AFDEE4DA3F6AFB6071943BCC /* Pods */,
				DC8124B719E6809614904F6C /* Frameworks */,
			);
			sourceTree = "<group>";
		};
		635223551E9689810003B3C0 /* Products */ = {
			isa = PBXGroup;
			children = (
				635223541E9689810003B3C0 /* TraktClient.app */,
				635223681E9689810003B3C0 /* TraktClientTests.xctest */,
				635223731E9689810003B3C0 /* TraktClientUITests.xctest */,
			);
			name = Products;
			sourceTree = "<group>";
		};
		635223561E9689810003B3C0 /* TraktClient */ = {
			isa = PBXGroup;
			children = (
				635223851E968C5D0003B3C0 /* Models */,
				635223571E9689810003B3C0 /* AppDelegate.swift */,
				635223591E9689810003B3C0 /* ViewController.swift */,
				6352235B1E9689810003B3C0 /* Main.storyboard */,
				6352235E1E9689810003B3C0 /* Assets.xcassets */,
				635223601E9689810003B3C0 /* LaunchScreen.storyboard */,
				635223631E9689810003B3C0 /* Info.plist */,
			);
			path = TraktClient;
			sourceTree = "<group>";
		};
		6352236B1E9689810003B3C0 /* TraktClientTests */ = {
			isa = PBXGroup;
			children = (
				6352236C1E9689810003B3C0 /* TraktClientTests.swift */,
				6352236E1E9689810003B3C0 /* Info.plist */,
			);
			path = TraktClientTests;
			sourceTree = "<group>";
		};
		635223761E9689810003B3C0 /* TraktClientUITests */ = {
			isa = PBXGroup;
			children = (
				635223771E9689810003B3C0 /* TraktClientUITests.swift */,
				635223791E9689810003B3C0 /* Info.plist */,
			);
			path = TraktClientUITests;
			sourceTree = "<group>";
		};
		635223851E968C5D0003B3C0 /* Models */ = {
			isa = PBXGroup;
			children = (
				635223881E96DF6E0003B3C0 /* ResponseSerialization.swift */,
				6352238A1E96E0510003B3C0 /* BackendError.swift */,
				6352238C1E96E2590003B3C0 /* StandardMediaObject.swift */,
				6308760B1E9B6C870006220F /* StandardMediaObjectIds.swift */,
				6308760D1E9B75CE0006220F /* StandardMediaObjectType.swift */,
				6308761A1E9FE2C20006220F /* ExtendedInfo.swift */,
				6308761E1EA4FAB20006220F /* TraktRouter.swift */,
				630876201EA4FBF40006220F /* Pagination.swift */,
			);
			name = Models;
			sourceTree = "<group>";
		};
		AFDEE4DA3F6AFB6071943BCC /* Pods */ = {
			isa = PBXGroup;
			children = (
				8474D22324650C650E3D1780 /* Pods-TraktClient.debug.xcconfig */,
				A9488E52D6C68A41016F28B7 /* Pods-TraktClient.release.xcconfig */,
				DEB10D84005243EE91AB5941 /* Pods-TraktClientTests.debug.xcconfig */,
				30E90589ACE66E26D97DC0F7 /* Pods-TraktClientTests.release.xcconfig */,
				198856500820F4914FF1CF1D /* Pods-TraktClientUITests.debug.xcconfig */,
				4691DCE66EFCE6C94B4C9566 /* Pods-TraktClientUITests.release.xcconfig */,
			);
			name = Pods;
			sourceTree = "<group>";
		};
		DC8124B719E6809614904F6C /* Frameworks */ = {
			isa = PBXGroup;
			children = (
				E948FDF43204ECCFA5FFC54D /* Pods_TraktClient.framework */,
				2491F17E5FA57A3DE5195F6E /* Pods_TraktClientTests.framework */,
				BE7838A36E197A94BD06FBAE /* Pods_TraktClientUITests.framework */,
			);
			name = Frameworks;
			sourceTree = "<group>";
		};
/* End PBXGroup section */

/* Begin PBXNativeTarget section */
		635223531E9689810003B3C0 /* TraktClient */ = {
			isa = PBXNativeTarget;
			buildConfigurationList = 6352237C1E9689810003B3C0 /* Build configuration list for PBXNativeTarget "TraktClient" */;
			buildPhases = (
				DDE7F2F12291FD0A2F01AB34 /* [CP] Check Pods Manifest.lock */,
				635223501E9689810003B3C0 /* Sources */,
				635223511E9689810003B3C0 /* Frameworks */,
				635223521E9689810003B3C0 /* Resources */,
				0828A53C2ACBB77D7A5A95A9 /* [CP] Embed Pods Frameworks */,
				C3EB3113B2EBEA9E3C3FF93D /* [CP] Copy Pods Resources */,
			);
			buildRules = (
			);
			dependencies = (
			);
			name = TraktClient;
			productName = TraktClient;
			productReference = 635223541E9689810003B3C0 /* TraktClient.app */;
			productType = "com.apple.product-type.application";
		};
		635223671E9689810003B3C0 /* TraktClientTests */ = {
			isa = PBXNativeTarget;
			buildConfigurationList = 6352237F1E9689810003B3C0 /* Build configuration list for PBXNativeTarget "TraktClientTests" */;
			buildPhases = (
				89C6F9CD27CA60807CE53B91 /* [CP] Check Pods Manifest.lock */,
				635223641E9689810003B3C0 /* Sources */,
				635223651E9689810003B3C0 /* Frameworks */,
				635223661E9689810003B3C0 /* Resources */,
				5A6C68B562DAE5C073C1B780 /* [CP] Embed Pods Frameworks */,
				6E567D43F211D2829DD4E7B1 /* [CP] Copy Pods Resources */,
			);
			buildRules = (
			);
			dependencies = (
				6352236A1E9689810003B3C0 /* PBXTargetDependency */,
			);
			name = TraktClientTests;
			productName = TraktClientTests;
			productReference = 635223681E9689810003B3C0 /* TraktClientTests.xctest */;
			productType = "com.apple.product-type.bundle.unit-test";
		};
		635223721E9689810003B3C0 /* TraktClientUITests */ = {
			isa = PBXNativeTarget;
			buildConfigurationList = 635223821E9689810003B3C0 /* Build configuration list for PBXNativeTarget "TraktClientUITests" */;
			buildPhases = (
				AD06173D3A57C5AFCF83C013 /* [CP] Check Pods Manifest.lock */,
				6352236F1E9689810003B3C0 /* Sources */,
				635223701E9689810003B3C0 /* Frameworks */,
				635223711E9689810003B3C0 /* Resources */,
				84EC46D06C04DCD2DB1B5082 /* [CP] Embed Pods Frameworks */,
				9841C4A0B3397A6461DA4C79 /* [CP] Copy Pods Resources */,
			);
			buildRules = (
			);
			dependencies = (
				635223751E9689810003B3C0 /* PBXTargetDependency */,
			);
			name = TraktClientUITests;
			productName = TraktClientUITests;
			productReference = 635223731E9689810003B3C0 /* TraktClientUITests.xctest */;
			productType = "com.apple.product-type.bundle.ui-testing";
		};
/* End PBXNativeTarget section */

/* Begin PBXProject section */
		6352234C1E9689800003B3C0 /* Project object */ = {
			isa = PBXProject;
			attributes = {
				LastSwiftUpdateCheck = 0830;
				LastUpgradeCheck = 0830;
				ORGANIZATIONNAME = DavidStanton;
				TargetAttributes = {
					635223531E9689810003B3C0 = {
						CreatedOnToolsVersion = 8.3;
						DevelopmentTeam = 6C5TLDVCTP;
						ProvisioningStyle = Automatic;
					};
					635223671E9689810003B3C0 = {
						CreatedOnToolsVersion = 8.3;
						DevelopmentTeam = 6C5TLDVCTP;
						ProvisioningStyle = Automatic;
						TestTargetID = 635223531E9689810003B3C0;
					};
					635223721E9689810003B3C0 = {
						CreatedOnToolsVersion = 8.3;
						DevelopmentTeam = 6C5TLDVCTP;
						ProvisioningStyle = Automatic;
						TestTargetID = 635223531E9689810003B3C0;
					};
				};
			};
			buildConfigurationList = 6352234F1E9689800003B3C0 /* Build configuration list for PBXProject "TraktClient" */;
			compatibilityVersion = "Xcode 3.2";
			developmentRegion = English;
			hasScannedForEncodings = 0;
			knownRegions = (
				en,
				Base,
			);
			mainGroup = 6352234B1E9689800003B3C0;
			productRefGroup = 635223551E9689810003B3C0 /* Products */;
			projectDirPath = "";
			projectRoot = "";
			targets = (
				635223531E9689810003B3C0 /* TraktClient */,
				635223671E9689810003B3C0 /* TraktClientTests */,
				635223721E9689810003B3C0 /* TraktClientUITests */,
			);
		};
/* End PBXProject section */

/* Begin PBXResourcesBuildPhase section */
		635223521E9689810003B3C0 /* Resources */ = {
			isa = PBXResourcesBuildPhase;
			buildActionMask = 2147483647;
			files = (
				635223621E9689810003B3C0 /* LaunchScreen.storyboard in Resources */,
				6352235F1E9689810003B3C0 /* Assets.xcassets in Resources */,
				6352235D1E9689810003B3C0 /* Main.storyboard in Resources */,
			);
			runOnlyForDeploymentPostprocessing = 0;
		};
		635223661E9689810003B3C0 /* Resources */ = {
			isa = PBXResourcesBuildPhase;
			buildActionMask = 2147483647;
			files = (
			);
			runOnlyForDeploymentPostprocessing = 0;
		};
		635223711E9689810003B3C0 /* Resources */ = {
			isa = PBXResourcesBuildPhase;
			buildActionMask = 2147483647;
			files = (
			);
			runOnlyForDeploymentPostprocessing = 0;
		};
/* End PBXResourcesBuildPhase section */

/* Begin PBXShellScriptBuildPhase section */
		0828A53C2ACBB77D7A5A95A9 /* [CP] Embed Pods Frameworks */ = {
			isa = PBXShellScriptBuildPhase;
			buildActionMask = 2147483647;
			files = (
			);
			inputPaths = (
			);
			name = "[CP] Embed Pods Frameworks";
			outputPaths = (
			);
			runOnlyForDeploymentPostprocessing = 0;
			shellPath = /bin/sh;
			shellScript = "\"${SRCROOT}/Pods/Target Support Files/Pods-TraktClient/Pods-TraktClient-frameworks.sh\"\n";
			showEnvVarsInLog = 0;
		};
		5A6C68B562DAE5C073C1B780 /* [CP] Embed Pods Frameworks */ = {
			isa = PBXShellScriptBuildPhase;
			buildActionMask = 2147483647;
			files = (
			);
			inputPaths = (
			);
			name = "[CP] Embed Pods Frameworks";
			outputPaths = (
			);
			runOnlyForDeploymentPostprocessing = 0;
			shellPath = /bin/sh;
			shellScript = "\"${SRCROOT}/Pods/Target Support Files/Pods-TraktClientTests/Pods-TraktClientTests-frameworks.sh\"\n";
			showEnvVarsInLog = 0;
		};
		6E567D43F211D2829DD4E7B1 /* [CP] Copy Pods Resources */ = {
			isa = PBXShellScriptBuildPhase;
			buildActionMask = 2147483647;
			files = (
			);
			inputPaths = (
			);
			name = "[CP] Copy Pods Resources";
			outputPaths = (
			);
			runOnlyForDeploymentPostprocessing = 0;
			shellPath = /bin/sh;
			shellScript = "\"${SRCROOT}/Pods/Target Support Files/Pods-TraktClientTests/Pods-TraktClientTests-resources.sh\"\n";
			showEnvVarsInLog = 0;
		};
		84EC46D06C04DCD2DB1B5082 /* [CP] Embed Pods Frameworks */ = {
			isa = PBXShellScriptBuildPhase;
			buildActionMask = 2147483647;
			files = (
			);
			inputPaths = (
			);
			name = "[CP] Embed Pods Frameworks";
			outputPaths = (
			);
			runOnlyForDeploymentPostprocessing = 0;
			shellPath = /bin/sh;
			shellScript = "\"${SRCROOT}/Pods/Target Support Files/Pods-TraktClientUITests/Pods-TraktClientUITests-frameworks.sh\"\n";
			showEnvVarsInLog = 0;
		};
		89C6F9CD27CA60807CE53B91 /* [CP] Check Pods Manifest.lock */ = {
			isa = PBXShellScriptBuildPhase;
			buildActionMask = 2147483647;
			files = (
			);
			inputPaths = (
			);
			name = "[CP] Check Pods Manifest.lock";
			outputPaths = (
			);
			runOnlyForDeploymentPostprocessing = 0;
			shellPath = /bin/sh;
			shellScript = "diff \"${PODS_ROOT}/../Podfile.lock\" \"${PODS_ROOT}/Manifest.lock\" > /dev/null\nif [ $? != 0 ] ; then\n    # print error to STDERR\n    echo \"error: The sandbox is not in sync with the Podfile.lock. Run 'pod install' or update your CocoaPods installation.\" >&2\n    exit 1\nfi\n";
			showEnvVarsInLog = 0;
		};
		9841C4A0B3397A6461DA4C79 /* [CP] Copy Pods Resources */ = {
			isa = PBXShellScriptBuildPhase;
			buildActionMask = 2147483647;
			files = (
			);
			inputPaths = (
			);
			name = "[CP] Copy Pods Resources";
			outputPaths = (
			);
			runOnlyForDeploymentPostprocessing = 0;
			shellPath = /bin/sh;
			shellScript = "\"${SRCROOT}/Pods/Target Support Files/Pods-TraktClientUITests/Pods-TraktClientUITests-resources.sh\"\n";
			showEnvVarsInLog = 0;
		};
		AD06173D3A57C5AFCF83C013 /* [CP] Check Pods Manifest.lock */ = {
			isa = PBXShellScriptBuildPhase;
			buildActionMask = 2147483647;
			files = (
			);
			inputPaths = (
			);
			name = "[CP] Check Pods Manifest.lock";
			outputPaths = (
			);
			runOnlyForDeploymentPostprocessing = 0;
			shellPath = /bin/sh;
			shellScript = "diff \"${PODS_ROOT}/../Podfile.lock\" \"${PODS_ROOT}/Manifest.lock\" > /dev/null\nif [ $? != 0 ] ; then\n    # print error to STDERR\n    echo \"error: The sandbox is not in sync with the Podfile.lock. Run 'pod install' or update your CocoaPods installation.\" >&2\n    exit 1\nfi\n";
			showEnvVarsInLog = 0;
		};
		C3EB3113B2EBEA9E3C3FF93D /* [CP] Copy Pods Resources */ = {
			isa = PBXShellScriptBuildPhase;
			buildActionMask = 2147483647;
			files = (
			);
			inputPaths = (
			);
			name = "[CP] Copy Pods Resources";
			outputPaths = (
			);
			runOnlyForDeploymentPostprocessing = 0;
			shellPath = /bin/sh;
			shellScript = "\"${SRCROOT}/Pods/Target Support Files/Pods-TraktClient/Pods-TraktClient-resources.sh\"\n";
			showEnvVarsInLog = 0;
		};
		DDE7F2F12291FD0A2F01AB34 /* [CP] Check Pods Manifest.lock */ = {
			isa = PBXShellScriptBuildPhase;
			buildActionMask = 2147483647;
			files = (
			);
			inputPaths = (
			);
			name = "[CP] Check Pods Manifest.lock";
			outputPaths = (
			);
			runOnlyForDeploymentPostprocessing = 0;
			shellPath = /bin/sh;
			shellScript = "diff \"${PODS_ROOT}/../Podfile.lock\" \"${PODS_ROOT}/Manifest.lock\" > /dev/null\nif [ $? != 0 ] ; then\n    # print error to STDERR\n    echo \"error: The sandbox is not in sync with the Podfile.lock. Run 'pod install' or update your CocoaPods installation.\" >&2\n    exit 1\nfi\n";
			showEnvVarsInLog = 0;
		};
/* End PBXShellScriptBuildPhase section */

/* Begin PBXSourcesBuildPhase section */
		635223501E9689810003B3C0 /* Sources */ = {
			isa = PBXSourcesBuildPhase;
			buildActionMask = 2147483647;
			files = (
				6308761B1E9FE2C20006220F /* ExtendedInfo.swift in Sources */,
				6308760E1E9B75CE0006220F /* StandardMediaObjectType.swift in Sources */,
				635223891E96DF6E0003B3C0 /* ResponseSerialization.swift in Sources */,
				6308760C1E9B6C870006220F /* StandardMediaObjectIds.swift in Sources */,
				6308761F1EA4FAB20006220F /* TraktRouter.swift in Sources */,
				6352235A1E9689810003B3C0 /* ViewController.swift in Sources */,
				6352238B1E96E0510003B3C0 /* BackendError.swift in Sources */,
				630876211EA4FBF40006220F /* Pagination.swift in Sources */,
				635223581E9689810003B3C0 /* AppDelegate.swift in Sources */,
				6352238D1E96E2590003B3C0 /* StandardMediaObject.swift in Sources */,
			);
			runOnlyForDeploymentPostprocessing = 0;
		};
		635223641E9689810003B3C0 /* Sources */ = {
			isa = PBXSourcesBuildPhase;
			buildActionMask = 2147483647;
			files = (
				6352236D1E9689810003B3C0 /* TraktClientTests.swift in Sources */,
			);
			runOnlyForDeploymentPostprocessing = 0;
		};
		6352236F1E9689810003B3C0 /* Sources */ = {
			isa = PBXSourcesBuildPhase;
			buildActionMask = 2147483647;
			files = (
				635223781E9689810003B3C0 /* TraktClientUITests.swift in Sources */,
			);
			runOnlyForDeploymentPostprocessing = 0;
		};
/* End PBXSourcesBuildPhase section */

/* Begin PBXTargetDependency section */
		6352236A1E9689810003B3C0 /* PBXTargetDependency */ = {
			isa = PBXTargetDependency;
			target = 635223531E9689810003B3C0 /* TraktClient */;
			targetProxy = 635223691E9689810003B3C0 /* PBXContainerItemProxy */;
		};
		635223751E9689810003B3C0 /* PBXTargetDependency */ = {
			isa = PBXTargetDependency;
			target = 635223531E9689810003B3C0 /* TraktClient */;
			targetProxy = 635223741E9689810003B3C0 /* PBXContainerItemProxy */;
		};
/* End PBXTargetDependency section */

/* Begin PBXVariantGroup section */
		6352235B1E9689810003B3C0 /* Main.storyboard */ = {
			isa = PBXVariantGroup;
			children = (
				6352235C1E9689810003B3C0 /* Base */,
			);
			name = Main.storyboard;
			sourceTree = "<group>";
		};
		635223601E9689810003B3C0 /* LaunchScreen.storyboard */ = {
			isa = PBXVariantGroup;
			children = (
				635223611E9689810003B3C0 /* Base */,
			);
			name = LaunchScreen.storyboard;
			sourceTree = "<group>";
		};
/* End PBXVariantGroup section */

/* Begin XCBuildConfiguration section */
		6352237A1E9689810003B3C0 /* Debug */ = {
			isa = XCBuildConfiguration;
			buildSettings = {
				ALWAYS_SEARCH_USER_PATHS = NO;
				CLANG_ANALYZER_NONNULL = YES;
				CLANG_ANALYZER_NUMBER_OBJECT_CONVERSION = YES_AGGRESSIVE;
				CLANG_CXX_LANGUAGE_STANDARD = "gnu++0x";
				CLANG_CXX_LIBRARY = "libc++";
				CLANG_ENABLE_MODULES = YES;
				CLANG_ENABLE_OBJC_ARC = YES;
				CLANG_WARN_BOOL_CONVERSION = YES;
				CLANG_WARN_CONSTANT_CONVERSION = YES;
				CLANG_WARN_DIRECT_OBJC_ISA_USAGE = YES_ERROR;
				CLANG_WARN_DOCUMENTATION_COMMENTS = YES;
				CLANG_WARN_EMPTY_BODY = YES;
				CLANG_WARN_ENUM_CONVERSION = YES;
				CLANG_WARN_INFINITE_RECURSION = YES;
				CLANG_WARN_INT_CONVERSION = YES;
				CLANG_WARN_OBJC_ROOT_CLASS = YES_ERROR;
				CLANG_WARN_SUSPICIOUS_MOVE = YES;
				CLANG_WARN_UNREACHABLE_CODE = YES;
				CLANG_WARN__DUPLICATE_METHOD_MATCH = YES;
				"CODE_SIGN_IDENTITY[sdk=iphoneos*]" = "iPhone Developer";
				COPY_PHASE_STRIP = NO;
				DEBUG_INFORMATION_FORMAT = dwarf;
				ENABLE_STRICT_OBJC_MSGSEND = YES;
				ENABLE_TESTABILITY = YES;
				GCC_C_LANGUAGE_STANDARD = gnu99;
				GCC_DYNAMIC_NO_PIC = NO;
				GCC_NO_COMMON_BLOCKS = YES;
				GCC_OPTIMIZATION_LEVEL = 0;
				GCC_PREPROCESSOR_DEFINITIONS = (
					"DEBUG=1",
					"$(inherited)",
				);
				GCC_WARN_64_TO_32_BIT_CONVERSION = YES;
				GCC_WARN_ABOUT_RETURN_TYPE = YES_ERROR;
				GCC_WARN_UNDECLARED_SELECTOR = YES;
				GCC_WARN_UNINITIALIZED_AUTOS = YES_AGGRESSIVE;
				GCC_WARN_UNUSED_FUNCTION = YES;
				GCC_WARN_UNUSED_VARIABLE = YES;
				IPHONEOS_DEPLOYMENT_TARGET = 10.3;
				MTL_ENABLE_DEBUG_INFO = YES;
				ONLY_ACTIVE_ARCH = YES;
				SDKROOT = iphoneos;
				SWIFT_ACTIVE_COMPILATION_CONDITIONS = DEBUG;
				SWIFT_OPTIMIZATION_LEVEL = "-Onone";
				TARGETED_DEVICE_FAMILY = "1,2";
			};
			name = Debug;
		};
		6352237B1E9689810003B3C0 /* Release */ = {
			isa = XCBuildConfiguration;
			buildSettings = {
				ALWAYS_SEARCH_USER_PATHS = NO;
				CLANG_ANALYZER_NONNULL = YES;
				CLANG_ANALYZER_NUMBER_OBJECT_CONVERSION = YES_AGGRESSIVE;
				CLANG_CXX_LANGUAGE_STANDARD = "gnu++0x";
				CLANG_CXX_LIBRARY = "libc++";
				CLANG_ENABLE_MODULES = YES;
				CLANG_ENABLE_OBJC_ARC = YES;
				CLANG_WARN_BOOL_CONVERSION = YES;
				CLANG_WARN_CONSTANT_CONVERSION = YES;
				CLANG_WARN_DIRECT_OBJC_ISA_USAGE = YES_ERROR;
				CLANG_WARN_DOCUMENTATION_COMMENTS = YES;
				CLANG_WARN_EMPTY_BODY = YES;
				CLANG_WARN_ENUM_CONVERSION = YES;
				CLANG_WARN_INFINITE_RECURSION = YES;
				CLANG_WARN_INT_CONVERSION = YES;
				CLANG_WARN_OBJC_ROOT_CLASS = YES_ERROR;
				CLANG_WARN_SUSPICIOUS_MOVE = YES;
				CLANG_WARN_UNREACHABLE_CODE = YES;
				CLANG_WARN__DUPLICATE_METHOD_MATCH = YES;
				"CODE_SIGN_IDENTITY[sdk=iphoneos*]" = "iPhone Developer";
				COPY_PHASE_STRIP = NO;
				DEBUG_INFORMATION_FORMAT = "dwarf-with-dsym";
				ENABLE_NS_ASSERTIONS = NO;
				ENABLE_STRICT_OBJC_MSGSEND = YES;
				GCC_C_LANGUAGE_STANDARD = gnu99;
				GCC_NO_COMMON_BLOCKS = YES;
				GCC_WARN_64_TO_32_BIT_CONVERSION = YES;
				GCC_WARN_ABOUT_RETURN_TYPE = YES_ERROR;
				GCC_WARN_UNDECLARED_SELECTOR = YES;
				GCC_WARN_UNINITIALIZED_AUTOS = YES_AGGRESSIVE;
				GCC_WARN_UNUSED_FUNCTION = YES;
				GCC_WARN_UNUSED_VARIABLE = YES;
				IPHONEOS_DEPLOYMENT_TARGET = 10.3;
				MTL_ENABLE_DEBUG_INFO = NO;
				SDKROOT = iphoneos;
				SWIFT_OPTIMIZATION_LEVEL = "-Owholemodule";
				TARGETED_DEVICE_FAMILY = "1,2";
				VALIDATE_PRODUCT = YES;
			};
			name = Release;
		};
		6352237D1E9689810003B3C0 /* Debug */ = {
			isa = XCBuildConfiguration;
			baseConfigurationReference = 8474D22324650C650E3D1780 /* Pods-TraktClient.debug.xcconfig */;
			buildSettings = {
				ASSETCATALOG_COMPILER_APPICON_NAME = AppIcon;
				DEVELOPMENT_TEAM = 6C5TLDVCTP;
				INFOPLIST_FILE = TraktClient/Info.plist;
				LD_RUNPATH_SEARCH_PATHS = "$(inherited) @executable_path/Frameworks";
				PRODUCT_BUNDLE_IDENTIFIER = me.DavidStanton.TraktClient;
				PRODUCT_NAME = "$(TARGET_NAME)";
				SWIFT_VERSION = 3.0;
			};
			name = Debug;
		};
		6352237E1E9689810003B3C0 /* Release */ = {
			isa = XCBuildConfiguration;
			baseConfigurationReference = A9488E52D6C68A41016F28B7 /* Pods-TraktClient.release.xcconfig */;
			buildSettings = {
				ASSETCATALOG_COMPILER_APPICON_NAME = AppIcon;
				DEVELOPMENT_TEAM = 6C5TLDVCTP;
				INFOPLIST_FILE = TraktClient/Info.plist;
				LD_RUNPATH_SEARCH_PATHS = "$(inherited) @executable_path/Frameworks";
				PRODUCT_BUNDLE_IDENTIFIER = me.DavidStanton.TraktClient;
				PRODUCT_NAME = "$(TARGET_NAME)";
				SWIFT_VERSION = 3.0;
			};
			name = Release;
		};
		635223801E9689810003B3C0 /* Debug */ = {
			isa = XCBuildConfiguration;
			baseConfigurationReference = DEB10D84005243EE91AB5941 /* Pods-TraktClientTests.debug.xcconfig */;
			buildSettings = {
				ALWAYS_EMBED_SWIFT_STANDARD_LIBRARIES = YES;
				BUNDLE_LOADER = "$(TEST_HOST)";
				DEVELOPMENT_TEAM = 6C5TLDVCTP;
				INFOPLIST_FILE = TraktClientTests/Info.plist;
				LD_RUNPATH_SEARCH_PATHS = "$(inherited) @executable_path/Frameworks @loader_path/Frameworks";
				PRODUCT_BUNDLE_IDENTIFIER = me.DavidStanton.TraktClientTests;
				PRODUCT_NAME = "$(TARGET_NAME)";
				SWIFT_VERSION = 3.0;
				TEST_HOST = "$(BUILT_PRODUCTS_DIR)/TraktClient.app/TraktClient";
			};
			name = Debug;
		};
		635223811E9689810003B3C0 /* Release */ = {
			isa = XCBuildConfiguration;
			baseConfigurationReference = 30E90589ACE66E26D97DC0F7 /* Pods-TraktClientTests.release.xcconfig */;
			buildSettings = {
				ALWAYS_EMBED_SWIFT_STANDARD_LIBRARIES = YES;
				BUNDLE_LOADER = "$(TEST_HOST)";
				DEVELOPMENT_TEAM = 6C5TLDVCTP;
				INFOPLIST_FILE = TraktClientTests/Info.plist;
				LD_RUNPATH_SEARCH_PATHS = "$(inherited) @executable_path/Frameworks @loader_path/Frameworks";
				PRODUCT_BUNDLE_IDENTIFIER = me.DavidStanton.TraktClientTests;
				PRODUCT_NAME = "$(TARGET_NAME)";
				SWIFT_VERSION = 3.0;
				TEST_HOST = "$(BUILT_PRODUCTS_DIR)/TraktClient.app/TraktClient";
			};
			name = Release;
		};
		635223831E9689810003B3C0 /* Debug */ = {
			isa = XCBuildConfiguration;
			baseConfigurationReference = 198856500820F4914FF1CF1D /* Pods-TraktClientUITests.debug.xcconfig */;
			buildSettings = {
				ALWAYS_EMBED_SWIFT_STANDARD_LIBRARIES = YES;
				DEVELOPMENT_TEAM = 6C5TLDVCTP;
				INFOPLIST_FILE = TraktClientUITests/Info.plist;
				LD_RUNPATH_SEARCH_PATHS = "$(inherited) @executable_path/Frameworks @loader_path/Frameworks";
				PRODUCT_BUNDLE_IDENTIFIER = me.DavidStanton.TraktClientUITests;
				PRODUCT_NAME = "$(TARGET_NAME)";
				SWIFT_VERSION = 3.0;
				TEST_TARGET_NAME = TraktClient;
			};
			name = Debug;
		};
		635223841E9689810003B3C0 /* Release */ = {
			isa = XCBuildConfiguration;
			baseConfigurationReference = 4691DCE66EFCE6C94B4C9566 /* Pods-TraktClientUITests.release.xcconfig */;
			buildSettings = {
				ALWAYS_EMBED_SWIFT_STANDARD_LIBRARIES = YES;
				DEVELOPMENT_TEAM = 6C5TLDVCTP;
				INFOPLIST_FILE = TraktClientUITests/Info.plist;
				LD_RUNPATH_SEARCH_PATHS = "$(inherited) @executable_path/Frameworks @loader_path/Frameworks";
				PRODUCT_BUNDLE_IDENTIFIER = me.DavidStanton.TraktClientUITests;
				PRODUCT_NAME = "$(TARGET_NAME)";
				SWIFT_VERSION = 3.0;
				TEST_TARGET_NAME = TraktClient;
			};
			name = Release;
		};
/* End XCBuildConfiguration section */

/* Begin XCConfigurationList section */
		6352234F1E9689800003B3C0 /* Build configuration list for PBXProject "TraktClient" */ = {
			isa = XCConfigurationList;
			buildConfigurations = (
				6352237A1E9689810003B3C0 /* Debug */,
				6352237B1E9689810003B3C0 /* Release */,
			);
			defaultConfigurationIsVisible = 0;
			defaultConfigurationName = Release;
		};
		6352237C1E9689810003B3C0 /* Build configuration list for PBXNativeTarget "TraktClient" */ = {
			isa = XCConfigurationList;
			buildConfigurations = (
				6352237D1E9689810003B3C0 /* Debug */,
				6352237E1E9689810003B3C0 /* Release */,
			);
			defaultConfigurationIsVisible = 0;
			defaultConfigurationName = Release;
		};
		6352237F1E9689810003B3C0 /* Build configuration list for PBXNativeTarget "TraktClientTests" */ = {
			isa = XCConfigurationList;
			buildConfigurations = (
				635223801E9689810003B3C0 /* Debug */,
				635223811E9689810003B3C0 /* Release */,
			);
			defaultConfigurationIsVisible = 0;
			defaultConfigurationName = Release;
		};
		635223821E9689810003B3C0 /* Build configuration list for PBXNativeTarget "TraktClientUITests" */ = {
			isa = XCConfigurationList;
			buildConfigurations = (
				635223831E9689810003B3C0 /* Debug */,
				635223841E9689810003B3C0 /* Release */,
			);
			defaultConfigurationIsVisible = 0;
			defaultConfigurationName = Release;
		};
/* End XCConfigurationList section */
	};
	rootObject = 6352234C1E9689800003B3C0 /* Project object */;
}
